
Microsoft Visual Studio Solution File, Format Version 12.00
# Visual Studio 2015
Project("{FAE04EC0-301F-11D3-BF4B-00C04F79EFBC}") = "maze_game_vanilla.CSharp", "maze_game_vanilla.CSharp.csproj", "{8432BFD8-BA79-9227-FAEE-62318B4987C5}"
EndProject
Global
	GlobalSection(SolutionConfigurationPlatforms) = preSolution
		Debug|Any CPU = Debug|Any CPU
		Release|Any CPU = Release|Any CPU
	EndGlobalSection
	GlobalSection(ProjectConfigurationPlatforms) = postSolution
		{8432BFD8-BA79-9227-FAEE-62318B4987C5}.Debug|Any CPU.ActiveCfg = Debug|Any CPU
		{8432BFD8-BA79-9227-FAEE-62318B4987C5}.Debug|Any CPU.Build.0 = Debug|Any CPU
		{8432BFD8-BA79-9227-FAEE-62318B4987C5}.Release|Any CPU.ActiveCfg = Release|Any CPU
		{8432BFD8-BA79-9227-FAEE-62318B4987C5}.Release|Any CPU.Build.0 = Release|Any CPU
	EndGlobalSection
	GlobalSection(SolutionProperties) = preSolution
		HideSolutionNode = FALSE
	EndGlobalSection
EndGlobal
