
Microsoft Visual Studio Solution File, Format Version 12.00
# Visual Studio 2015
Project("{FAE04EC0-301F-11D3-BF4B-00C04F79EFBC}") = "Maze_Game_2017", "Maze_Game_2017.csproj", "{AF5429EA-CBB0-5B7A-E5E6-404F402024F5}"
EndProject
Global
	GlobalSection(SolutionConfigurationPlatforms) = preSolution
		Debug|Any CPU = Debug|Any CPU
		Release|Any CPU = Release|Any CPU
	EndGlobalSection
	GlobalSection(ProjectConfigurationPlatforms) = postSolution
		{AF5429EA-CBB0-5B7A-E5E6-404F402024F5}.Debug|Any CPU.ActiveCfg = Debug|Any CPU
		{AF5429EA-CBB0-5B7A-E5E6-404F402024F5}.Debug|Any CPU.Build.0 = Debug|Any CPU
		{AF5429EA-CBB0-5B7A-E5E6-404F402024F5}.Release|Any CPU.ActiveCfg = Release|Any CPU
		{AF5429EA-CBB0-5B7A-E5E6-404F402024F5}.Release|Any CPU.Build.0 = Release|Any CPU
	EndGlobalSection
	GlobalSection(SolutionProperties) = preSolution
		HideSolutionNode = FALSE
	EndGlobalSection
EndGlobal
